
Microsoft Visual Studio Solution File, Format Version 12.00
# Visual Studio 15
VisualStudioVersion = 15.0.28307.271
MinimumVisualStudioVersion = 10.0.40219.1
Project("{FAE04EC0-301F-11D3-BF4B-00C04F79EFBC}") = "Asynclnn", "Asynclnn\Asynclnn.csproj", "{573A68B6-4B62-4AB4-B579-C5A69D47B421}"
EndProject
Global
	GlobalSection(SolutionConfigurationPlatforms) = preSolution
		Debug|Any CPU = Debug|Any CPU
		Release|Any CPU = Release|Any CPU
	EndGlobalSection
	GlobalSection(ProjectConfigurationPlatforms) = postSolution
		{573A68B6-4B62-4AB4-B579-C5A69D47B421}.Debug|Any CPU.ActiveCfg = Debug|Any CPU
		{573A68B6-4B62-4AB4-B579-C5A69D47B421}.Debug|Any CPU.Build.0 = Debug|Any CPU
		{573A68B6-4B62-4AB4-B579-C5A69D47B421}.Release|Any CPU.ActiveCfg = Release|Any CPU
		{573A68B6-4B62-4AB4-B579-C5A69D47B421}.Release|Any CPU.Build.0 = Release|Any CPU
	EndGlobalSection
	GlobalSection(SolutionProperties) = preSolution
		HideSolutionNode = FALSE
	EndGlobalSection
	GlobalSection(ExtensibilityGlobals) = postSolution
		SolutionGuid = {D96BC7F4-DACC-47E1-A53E-FA1D42752187}
	EndGlobalSection
EndGlobal
